
Microsoft Visual Studio Solution File, Format Version 12.00
# Visual Studio Version 17
VisualStudioVersion = 17.14.36429.23
MinimumVisualStudioVersion = 10.0.40219.1
Project("{2150E333-8FDC-42A3-9474-1A3956D46DE8}") = "Applications", "Applications", "{02EA681E-C7D8-13C7-8484-4AC65E1B71E8}"
EndProject
Project("{2150E333-8FDC-42A3-9474-1A3956D46DE8}") = "Libraries", "Libraries", "{C3EC9AD9-80DB-4253-B014-2B2D3BC3072A}"
EndProject
Project("{FAE04EC0-301F-11D3-BF4B-00C04F79EFBC}") = "SV22T1080034.Admin", "SV22T1080034.Admin\SV22T1080034.Admin.csproj", "{0A49DA88-F035-4103-926D-76E139909A7F}"
EndProject
Project("{FAE04EC0-301F-11D3-BF4B-00C04F79EFBC}") = "SV22T1080034.DomainModels", "SV22T1080034.DomainModels\SV22T1080034.DomainModels.csproj", "{35069221-904A-4851-B04E-26955BB5CE5D}"
EndProject
Project("{FAE04EC0-301F-11D3-BF4B-00C04F79EFBC}") = "SV22T1080034.DataLayers", "SV22T1080034.DataLayers\SV22T1080034.DataLayers.csproj", "{859C1DA8-9EAE-4638-A6C5-07883363A17E}"
EndProject
Project("{FAE04EC0-301F-11D3-BF4B-00C04F79EFBC}") = "SV22T1080034.BusinessLayers", "SV22T1080034.BusinessLayers\SV22T1080034.BusinessLayers.csproj", "{193B9504-2DBE-46D4-95F0-F23AC98B4FC3}"
EndProject
Project("{FAE04EC0-301F-11D3-BF4B-00C04F79EFBC}") = "SV22T1080034.Shop", "SV22T1080034.Shop\SV22T1080034.Shop.csproj", "{E404C0D5-88E4-4F04-9845-12E98FDE2CE7}"
EndProject
Global
	GlobalSection(SolutionConfigurationPlatforms) = preSolution
		Debug|Any CPU = Debug|Any CPU
		Debug|x64 = Debug|x64
		Debug|x86 = Debug|x86
		Release|Any CPU = Release|Any CPU
		Release|x64 = Release|x64
		Release|x86 = Release|x86
	EndGlobalSection
	GlobalSection(ProjectConfigurationPlatforms) = postSolution
		{0A49DA88-F035-4103-926D-76E139909A7F}.Debug|Any CPU.ActiveCfg = Debug|Any CPU
		{0A49DA88-F035-4103-926D-76E139909A7F}.Debug|Any CPU.Build.0 = Debug|Any CPU
		{0A49DA88-F035-4103-926D-76E139909A7F}.Debug|x64.ActiveCfg = Debug|Any CPU
		{0A49DA88-F035-4103-926D-76E139909A7F}.Debug|x64.Build.0 = Debug|Any CPU
		{0A49DA88-F035-4103-926D-76E139909A7F}.Debug|x86.ActiveCfg = Debug|Any CPU
		{0A49DA88-F035-4103-926D-76E139909A7F}.Debug|x86.Build.0 = Debug|Any CPU
		{0A49DA88-F035-4103-926D-76E139909A7F}.Release|Any CPU.ActiveCfg = Release|Any CPU
		{0A49DA88-F035-4103-926D-76E139909A7F}.Release|Any CPU.Build.0 = Release|Any CPU
		{0A49DA88-F035-4103-926D-76E139909A7F}.Release|x64.ActiveCfg = Release|Any CPU
		{0A49DA88-F035-4103-926D-76E139909A7F}.Release|x64.Build.0 = Release|Any CPU
		{0A49DA88-F035-4103-926D-76E139909A7F}.Release|x86.ActiveCfg = Release|Any CPU
		{0A49DA88-F035-4103-926D-76E139909A7F}.Release|x86.Build.0 = Release|Any CPU
		{35069221-904A-4851-B04E-26955BB5CE5D}.Debug|Any CPU.ActiveCfg = Debug|Any CPU
		{35069221-904A-4851-B04E-26955BB5CE5D}.Debug|Any CPU.Build.0 = Debug|Any CPU
		{35069221-904A-4851-B04E-26955BB5CE5D}.Debug|x64.ActiveCfg = Debug|Any CPU
		{35069221-904A-4851-B04E-26955BB5CE5D}.Debug|x64.Build.0 = Debug|Any CPU
		{35069221-904A-4851-B04E-26955BB5CE5D}.Debug|x86.ActiveCfg = Debug|Any CPU
		{35069221-904A-4851-B04E-26955BB5CE5D}.Debug|x86.Build.0 = Debug|Any CPU
		{35069221-904A-4851-B04E-26955BB5CE5D}.Release|Any CPU.ActiveCfg = Release|Any CPU
		{35069221-904A-4851-B04E-26955BB5CE5D}.Release|Any CPU.Build.0 = Release|Any CPU
		{35069221-904A-4851-B04E-26955BB5CE5D}.Release|x64.ActiveCfg = Release|Any CPU
		{35069221-904A-4851-B04E-26955BB5CE5D}.Release|x64.Build.0 = Release|Any CPU
		{35069221-904A-4851-B04E-26955BB5CE5D}.Release|x86.ActiveCfg = Release|Any CPU
		{35069221-904A-4851-B04E-26955BB5CE5D}.Release|x86.Build.0 = Release|Any CPU
		{859C1DA8-9EAE-4638-A6C5-07883363A17E}.Debug|Any CPU.ActiveCfg = Debug|Any CPU
		{859C1DA8-9EAE-4638-A6C5-07883363A17E}.Debug|Any CPU.Build.0 = Debug|Any CPU
		{859C1DA8-9EAE-4638-A6C5-07883363A17E}.Debug|x64.ActiveCfg = Debug|Any CPU
		{859C1DA8-9EAE-4638-A6C5-07883363A17E}.Debug|x64.Build.0 = Debug|Any CPU
		{859C1DA8-9EAE-4638-A6C5-07883363A17E}.Debug|x86.ActiveCfg = Debug|Any CPU
		{859C1DA8-9EAE-4638-A6C5-07883363A17E}.Debug|x86.Build.0 = Debug|Any CPU
		{859C1DA8-9EAE-4638-A6C5-07883363A17E}.Release|Any CPU.ActiveCfg = Release|Any CPU
		{859C1DA8-9EAE-4638-A6C5-07883363A17E}.Release|Any CPU.Build.0 = Release|Any CPU
		{859C1DA8-9EAE-4638-A6C5-07883363A17E}.Release|x64.ActiveCfg = Release|Any CPU
		{859C1DA8-9EAE-4638-A6C5-07883363A17E}.Release|x64.Build.0 = Release|Any CPU
		{859C1DA8-9EAE-4638-A6C5-07883363A17E}.Release|x86.ActiveCfg = Release|Any CPU
		{859C1DA8-9EAE-4638-A6C5-07883363A17E}.Release|x86.Build.0 = Release|Any CPU
		{193B9504-2DBE-46D4-95F0-F23AC98B4FC3}.Debug|Any CPU.ActiveCfg = Debug|Any CPU
		{193B9504-2DBE-46D4-95F0-F23AC98B4FC3}.Debug|Any CPU.Build.0 = Debug|Any CPU
		{193B9504-2DBE-46D4-95F0-F23AC98B4FC3}.Debug|x64.ActiveCfg = Debug|Any CPU
		{193B9504-2DBE-46D4-95F0-F23AC98B4FC3}.Debug|x64.Build.0 = Debug|Any CPU
		{193B9504-2DBE-46D4-95F0-F23AC98B4FC3}.Debug|x86.ActiveCfg = Debug|Any CPU
		{193B9504-2DBE-46D4-95F0-F23AC98B4FC3}.Debug|x86.Build.0 = Debug|Any CPU
		{193B9504-2DBE-46D4-95F0-F23AC98B4FC3}.Release|Any CPU.ActiveCfg = Release|Any CPU
		{193B9504-2DBE-46D4-95F0-F23AC98B4FC3}.Release|Any CPU.Build.0 = Release|Any CPU
		{193B9504-2DBE-46D4-95F0-F23AC98B4FC3}.Release|x64.ActiveCfg = Release|Any CPU
		{193B9504-2DBE-46D4-95F0-F23AC98B4FC3}.Release|x64.Build.0 = Release|Any CPU
		{193B9504-2DBE-46D4-95F0-F23AC98B4FC3}.Release|x86.ActiveCfg = Release|Any CPU
		{193B9504-2DBE-46D4-95F0-F23AC98B4FC3}.Release|x86.Build.0 = Release|Any CPU
		{E404C0D5-88E4-4F04-9845-12E98FDE2CE7}.Debug|Any CPU.ActiveCfg = Debug|Any CPU
		{E404C0D5-88E4-4F04-9845-12E98FDE2CE7}.Debug|Any CPU.Build.0 = Debug|Any CPU
		{E404C0D5-88E4-4F04-9845-12E98FDE2CE7}.Debug|x64.ActiveCfg = Debug|Any CPU
		{E404C0D5-88E4-4F04-9845-12E98FDE2CE7}.Debug|x64.Build.0 = Debug|Any CPU
		{E404C0D5-88E4-4F04-9845-12E98FDE2CE7}.Debug|x86.ActiveCfg = Debug|Any CPU
		{E404C0D5-88E4-4F04-9845-12E98FDE2CE7}.Debug|x86.Build.0 = Debug|Any CPU
		{E404C0D5-88E4-4F04-9845-12E98FDE2CE7}.Release|Any CPU.ActiveCfg = Release|Any CPU
		{E404C0D5-88E4-4F04-9845-12E98FDE2CE7}.Release|Any CPU.Build.0 = Release|Any CPU
		{E404C0D5-88E4-4F04-9845-12E98FDE2CE7}.Release|x64.ActiveCfg = Release|Any CPU
		{E404C0D5-88E4-4F04-9845-12E98FDE2CE7}.Release|x64.Build.0 = Release|Any CPU
		{E404C0D5-88E4-4F04-9845-12E98FDE2CE7}.Release|x86.ActiveCfg = Release|Any CPU
		{E404C0D5-88E4-4F04-9845-12E98FDE2CE7}.Release|x86.Build.0 = Release|Any CPU
	EndGlobalSection
	GlobalSection(SolutionProperties) = preSolution
		HideSolutionNode = FALSE
	EndGlobalSection
	GlobalSection(NestedProjects) = preSolution
		{0A49DA88-F035-4103-926D-76E139909A7F} = {02EA681E-C7D8-13C7-8484-4AC65E1B71E8}
		{35069221-904A-4851-B04E-26955BB5CE5D} = {C3EC9AD9-80DB-4253-B014-2B2D3BC3072A}
		{859C1DA8-9EAE-4638-A6C5-07883363A17E} = {C3EC9AD9-80DB-4253-B014-2B2D3BC3072A}
		{193B9504-2DBE-46D4-95F0-F23AC98B4FC3} = {C3EC9AD9-80DB-4253-B014-2B2D3BC3072A}
		{E404C0D5-88E4-4F04-9845-12E98FDE2CE7} = {02EA681E-C7D8-13C7-8484-4AC65E1B71E8}
	EndGlobalSection
	GlobalSection(ExtensibilityGlobals) = postSolution
		SolutionGuid = {C01B74C8-ECE7-4F4B-A4D8-2DA2ED63160D}
	EndGlobalSection
EndGlobal
